
Microsoft Visual Studio Solution File, Format Version 12.00
# Visual Studio 15
VisualStudioVersion = 15.0.27703.2047
MinimumVisualStudioVersion = 10.0.40219.1
Project("{FAE04EC0-301F-11D3-BF4B-00C04F79EFBC}") = "PicturePicker.Android", "PicturePicker\PicturePicker.Android\PicturePicker.Android.csproj", "{69A51226-6402-4FEF-ABFF-EC679765CEE5}"
EndProject
Project("{FAE04EC0-301F-11D3-BF4B-00C04F79EFBC}") = "PicturePicker.iOS", "PicturePicker\PicturePicker.iOS\PicturePicker.iOS.csproj", "{C5D13792-6333-429D-91C3-4F117B73B460}"
EndProject
Project("{FAE04EC0-301F-11D3-BF4B-00C04F79EFBC}") = "PicturePicker.UWP", "PicturePicker\PicturePicker.UWP\PicturePicker.UWP.csproj", "{AFCFD77B-1CBB-4F16-B937-388134111A35}"
EndProject
Project("{FAE04EC0-301F-11D3-BF4B-00C04F79EFBC}") = "PicturePicker", "PicturePicker\PicturePicker\PicturePicker.csproj", "{240805B6-5D01-45C5-BA66-D34CE82C9F2D}"
EndProject
Global
	GlobalSection(SolutionConfigurationPlatforms) = preSolution
		Ad-Hoc|Any CPU = Ad-Hoc|Any CPU
		Ad-Hoc|ARM = Ad-Hoc|ARM
		Ad-Hoc|iPhone = Ad-Hoc|iPhone
		Ad-Hoc|iPhoneSimulator = Ad-Hoc|iPhoneSimulator
		Ad-Hoc|x64 = Ad-Hoc|x64
		Ad-Hoc|x86 = Ad-Hoc|x86
		AppStore|Any CPU = AppStore|Any CPU
		AppStore|ARM = AppStore|ARM
		AppStore|iPhone = AppStore|iPhone
		AppStore|iPhoneSimulator = AppStore|iPhoneSimulator
		AppStore|x64 = AppStore|x64
		AppStore|x86 = AppStore|x86
		Debug|Any CPU = Debug|Any CPU
		Debug|ARM = Debug|ARM
		Debug|iPhone = Debug|iPhone
		Debug|iPhoneSimulator = Debug|iPhoneSimulator
		Debug|x64 = Debug|x64
		Debug|x86 = Debug|x86
		Release|Any CPU = Release|Any CPU
		Release|ARM = Release|ARM
		Release|iPhone = Release|iPhone
		Release|iPhoneSimulator = Release|iPhoneSimulator
		Release|x64 = Release|x64
		Release|x86 = Release|x86
	EndGlobalSection
	GlobalSection(ProjectConfigurationPlatforms) = postSolution
		{69A51226-6402-4FEF-ABFF-EC679765CEE5}.Ad-Hoc|Any CPU.ActiveCfg = Release|Any CPU
		{69A51226-6402-4FEF-ABFF-EC679765CEE5}.Ad-Hoc|Any CPU.Build.0 = Release|Any CPU
		{69A51226-6402-4FEF-ABFF-EC679765CEE5}.Ad-Hoc|Any CPU.Deploy.0 = Release|Any CPU
		{69A51226-6402-4FEF-ABFF-EC679765CEE5}.Ad-Hoc|ARM.ActiveCfg = Release|Any CPU
		{69A51226-6402-4FEF-ABFF-EC679765CEE5}.Ad-Hoc|ARM.Build.0 = Release|Any CPU
		{69A51226-6402-4FEF-ABFF-EC679765CEE5}.Ad-Hoc|ARM.Deploy.0 = Release|Any CPU
		{69A51226-6402-4FEF-ABFF-EC679765CEE5}.Ad-Hoc|iPhone.ActiveCfg = Release|Any CPU
		{69A51226-6402-4FEF-ABFF-EC679765CEE5}.Ad-Hoc|iPhone.Build.0 = Release|Any CPU
		{69A51226-6402-4FEF-ABFF-EC679765CEE5}.Ad-Hoc|iPhone.Deploy.0 = Release|Any CPU
		{69A51226-6402-4FEF-ABFF-EC679765CEE5}.Ad-Hoc|iPhoneSimulator.ActiveCfg = Release|Any CPU
		{69A51226-6402-4FEF-ABFF-EC679765CEE5}.Ad-Hoc|iPhoneSimulator.Build.0 = Release|Any CPU
		{69A51226-6402-4FEF-ABFF-EC679765CEE5}.Ad-Hoc|iPhoneSimulator.Deploy.0 = Release|Any CPU
		{69A51226-6402-4FEF-ABFF-EC679765CEE5}.Ad-Hoc|x64.ActiveCfg = Release|Any CPU
		{69A51226-6402-4FEF-ABFF-EC679765CEE5}.Ad-Hoc|x64.Build.0 = Release|Any CPU
		{69A51226-6402-4FEF-ABFF-EC679765CEE5}.Ad-Hoc|x64.Deploy.0 = Release|Any CPU
		{69A51226-6402-4FEF-ABFF-EC679765CEE5}.Ad-Hoc|x86.ActiveCfg = Release|Any CPU
		{69A51226-6402-4FEF-ABFF-EC679765CEE5}.Ad-Hoc|x86.Build.0 = Release|Any CPU
		{69A51226-6402-4FEF-ABFF-EC679765CEE5}.Ad-Hoc|x86.Deploy.0 = Release|Any CPU
		{69A51226-6402-4FEF-ABFF-EC679765CEE5}.AppStore|Any CPU.ActiveCfg = Release|Any CPU
		{69A51226-6402-4FEF-ABFF-EC679765CEE5}.AppStore|Any CPU.Build.0 = Release|Any CPU
		{69A51226-6402-4FEF-ABFF-EC679765CEE5}.AppStore|Any CPU.Deploy.0 = Release|Any CPU
		{69A51226-6402-4FEF-ABFF-EC679765CEE5}.AppStore|ARM.ActiveCfg = Release|Any CPU
		{69A51226-6402-4FEF-ABFF-EC679765CEE5}.AppStore|ARM.Build.0 = Release|Any CPU
		{69A51226-6402-4FEF-ABFF-EC679765CEE5}.AppStore|ARM.Deploy.0 = Release|Any CPU
		{69A51226-6402-4FEF-ABFF-EC679765CEE5}.AppStore|iPhone.ActiveCfg = Release|Any CPU
		{69A51226-6402-4FEF-ABFF-EC679765CEE5}.AppStore|iPhone.Build.0 = Release|Any CPU
		{69A51226-6402-4FEF-ABFF-EC679765CEE5}.AppStore|iPhone.Deploy.0 = Release|Any CPU
		{69A51226-6402-4FEF-ABFF-EC679765CEE5}.AppStore|iPhoneSimulator.ActiveCfg = Release|Any CPU
		{69A51226-6402-4FEF-ABFF-EC679765CEE5}.AppStore|iPhoneSimulator.Build.0 = Release|Any CPU
		{69A51226-6402-4FEF-ABFF-EC679765CEE5}.AppStore|iPhoneSimulator.Deploy.0 = Release|Any CPU
		{69A51226-6402-4FEF-ABFF-EC679765CEE5}.AppStore|x64.ActiveCfg = Release|Any CPU
		{69A51226-6402-4FEF-ABFF-EC679765CEE5}.AppStore|x64.Build.0 = Release|Any CPU
		{69A51226-6402-4FEF-ABFF-EC679765CEE5}.AppStore|x64.Deploy.0 = Release|Any CPU
		{69A51226-6402-4FEF-ABFF-EC679765CEE5}.AppStore|x86.ActiveCfg = Release|Any CPU
		{69A51226-6402-4FEF-ABFF-EC679765CEE5}.AppStore|x86.Build.0 = Release|Any CPU
		{69A51226-6402-4FEF-ABFF-EC679765CEE5}.AppStore|x86.Deploy.0 = Release|Any CPU
		{69A51226-6402-4FEF-ABFF-EC679765CEE5}.Debug|Any CPU.ActiveCfg = Debug|Any CPU
		{69A51226-6402-4FEF-ABFF-EC679765CEE5}.Debug|Any CPU.Build.0 = Debug|Any CPU
		{69A51226-6402-4FEF-ABFF-EC679765CEE5}.Debug|Any CPU.Deploy.0 = Debug|Any CPU
		{69A51226-6402-4FEF-ABFF-EC679765CEE5}.Debug|ARM.ActiveCfg = Debug|Any CPU
		{69A51226-6402-4FEF-ABFF-EC679765CEE5}.Debug|ARM.Build.0 = Debug|Any CPU
		{69A51226-6402-4FEF-ABFF-EC679765CEE5}.Debug|ARM.Deploy.0 = Debug|Any CPU
		{69A51226-6402-4FEF-ABFF-EC679765CEE5}.Debug|iPhone.ActiveCfg = Debug|Any CPU
		{69A51226-6402-4FEF-ABFF-EC679765CEE5}.Debug|iPhone.Build.0 = Debug|Any CPU
		{69A51226-6402-4FEF-ABFF-EC679765CEE5}.Debug|iPhone.Deploy.0 = Debug|Any CPU
		{69A51226-6402-4FEF-ABFF-EC679765CEE5}.Debug|iPhoneSimulator.ActiveCfg = Debug|Any CPU
		{69A51226-6402-4FEF-ABFF-EC679765CEE5}.Debug|iPhoneSimulator.Build.0 = Debug|Any CPU
		{69A51226-6402-4FEF-ABFF-EC679765CEE5}.Debug|iPhoneSimulator.Deploy.0 = Debug|Any CPU
		{69A51226-6402-4FEF-ABFF-EC679765CEE5}.Debug|x64.ActiveCfg = Debug|Any CPU
		{69A51226-6402-4FEF-ABFF-EC679765CEE5}.Debug|x64.Build.0 = Debug|Any CPU
		{69A51226-6402-4FEF-ABFF-EC679765CEE5}.Debug|x64.Deploy.0 = Debug|Any CPU
		{69A51226-6402-4FEF-ABFF-EC679765CEE5}.Debug|x86.ActiveCfg = Debug|Any CPU
		{69A51226-6402-4FEF-ABFF-EC679765CEE5}.Debug|x86.Build.0 = Debug|Any CPU
		{69A51226-6402-4FEF-ABFF-EC679765CEE5}.Debug|x86.Deploy.0 = Debug|Any CPU
		{69A51226-6402-4FEF-ABFF-EC679765CEE5}.Release|Any CPU.ActiveCfg = Release|Any CPU
		{69A51226-6402-4FEF-ABFF-EC679765CEE5}.Release|Any CPU.Build.0 = Release|Any CPU
		{69A51226-6402-4FEF-ABFF-EC679765CEE5}.Release|Any CPU.Deploy.0 = Release|Any CPU
		{69A51226-6402-4FEF-ABFF-EC679765CEE5}.Release|ARM.ActiveCfg = Release|Any CPU
		{69A51226-6402-4FEF-ABFF-EC679765CEE5}.Release|ARM.Build.0 = Release|Any CPU
		{69A51226-6402-4FEF-ABFF-EC679765CEE5}.Release|ARM.Deploy.0 = Release|Any CPU
		{69A51226-6402-4FEF-ABFF-EC679765CEE5}.Release|iPhone.ActiveCfg = Release|Any CPU
		{69A51226-6402-4FEF-ABFF-EC679765CEE5}.Release|iPhone.Build.0 = Release|Any CPU
		{69A51226-6402-4FEF-ABFF-EC679765CEE5}.Release|iPhone.Deploy.0 = Release|Any CPU
		{69A51226-6402-4FEF-ABFF-EC679765CEE5}.Release|iPhoneSimulator.ActiveCfg = Release|Any CPU
		{69A51226-6402-4FEF-ABFF-EC679765CEE5}.Release|iPhoneSimulator.Build.0 = Release|Any CPU
		{69A51226-6402-4FEF-ABFF-EC679765CEE5}.Release|iPhoneSimulator.Deploy.0 = Release|Any CPU
		{69A51226-6402-4FEF-ABFF-EC679765CEE5}.Release|x64.ActiveCfg = Release|Any CPU
		{69A51226-6402-4FEF-ABFF-EC679765CEE5}.Release|x64.Build.0 = Release|Any CPU
		{69A51226-6402-4FEF-ABFF-EC679765CEE5}.Release|x64.Deploy.0 = Release|Any CPU
		{69A51226-6402-4FEF-ABFF-EC679765CEE5}.Release|x86.ActiveCfg = Release|Any CPU
		{69A51226-6402-4FEF-ABFF-EC679765CEE5}.Release|x86.Build.0 = Release|Any CPU
		{69A51226-6402-4FEF-ABFF-EC679765CEE5}.Release|x86.Deploy.0 = Release|Any CPU
		{C5D13792-6333-429D-91C3-4F117B73B460}.Ad-Hoc|Any CPU.ActiveCfg = Ad-Hoc|iPhone
		{C5D13792-6333-429D-91C3-4F117B73B460}.Ad-Hoc|Any CPU.Build.0 = Ad-Hoc|iPhone
		{C5D13792-6333-429D-91C3-4F117B73B460}.Ad-Hoc|Any CPU.Deploy.0 = Ad-Hoc|iPhone
		{C5D13792-6333-429D-91C3-4F117B73B460}.Ad-Hoc|ARM.ActiveCfg = Ad-Hoc|iPhone
		{C5D13792-6333-429D-91C3-4F117B73B460}.Ad-Hoc|ARM.Build.0 = Ad-Hoc|iPhone
		{C5D13792-6333-429D-91C3-4F117B73B460}.Ad-Hoc|ARM.Deploy.0 = Ad-Hoc|iPhone
		{C5D13792-6333-429D-91C3-4F117B73B460}.Ad-Hoc|iPhone.ActiveCfg = Ad-Hoc|iPhone
		{C5D13792-6333-429D-91C3-4F117B73B460}.Ad-Hoc|iPhone.Build.0 = Ad-Hoc|iPhone
		{C5D13792-6333-429D-91C3-4F117B73B460}.Ad-Hoc|iPhone.Deploy.0 = Ad-Hoc|iPhone
		{C5D13792-6333-429D-91C3-4F117B73B460}.Ad-Hoc|iPhoneSimulator.ActiveCfg = Ad-Hoc|iPhoneSimulator
		{C5D13792-6333-429D-91C3-4F117B73B460}.Ad-Hoc|iPhoneSimulator.Build.0 = Ad-Hoc|iPhoneSimulator
		{C5D13792-6333-429D-91C3-4F117B73B460}.Ad-Hoc|iPhoneSimulator.Deploy.0 = Ad-Hoc|iPhoneSimulator
		{C5D13792-6333-429D-91C3-4F117B73B460}.Ad-Hoc|x64.ActiveCfg = Ad-Hoc|iPhone
		{C5D13792-6333-429D-91C3-4F117B73B460}.Ad-Hoc|x64.Build.0 = Ad-Hoc|iPhone
		{C5D13792-6333-429D-91C3-4F117B73B460}.Ad-Hoc|x64.Deploy.0 = Ad-Hoc|iPhone
		{C5D13792-6333-429D-91C3-4F117B73B460}.Ad-Hoc|x86.ActiveCfg = Ad-Hoc|iPhone
		{C5D13792-6333-429D-91C3-4F117B73B460}.Ad-Hoc|x86.Build.0 = Ad-Hoc|iPhone
		{C5D13792-6333-429D-91C3-4F117B73B460}.Ad-Hoc|x86.Deploy.0 = Ad-Hoc|iPhone
		{C5D13792-6333-429D-91C3-4F117B73B460}.AppStore|Any CPU.ActiveCfg = AppStore|iPhone
		{C5D13792-6333-429D-91C3-4F117B73B460}.AppStore|Any CPU.Build.0 = AppStore|iPhone
		{C5D13792-6333-429D-91C3-4F117B73B460}.AppStore|Any CPU.Deploy.0 = AppStore|iPhone
		{C5D13792-6333-429D-91C3-4F117B73B460}.AppStore|ARM.ActiveCfg = AppStore|iPhone
		{C5D13792-6333-429D-91C3-4F117B73B460}.AppStore|ARM.Build.0 = AppStore|iPhone
		{C5D13792-6333-429D-91C3-4F117B73B460}.AppStore|ARM.Deploy.0 = AppStore|iPhone
		{C5D13792-6333-429D-91C3-4F117B73B460}.AppStore|iPhone.ActiveCfg = AppStore|iPhone
		{C5D13792-6333-429D-91C3-4F117B73B460}.AppStore|iPhone.Build.0 = AppStore|iPhone
		{C5D13792-6333-429D-91C3-4F117B73B460}.AppStore|iPhone.Deploy.0 = AppStore|iPhone
		{C5D13792-6333-429D-91C3-4F117B73B460}.AppStore|iPhoneSimulator.ActiveCfg = AppStore|iPhoneSimulator
		{C5D13792-6333-429D-91C3-4F117B73B460}.AppStore|iPhoneSimulator.Build.0 = AppStore|iPhoneSimulator
		{C5D13792-6333-429D-91C3-4F117B73B460}.AppStore|iPhoneSimulator.Deploy.0 = AppStore|iPhoneSimulator
		{C5D13792-6333-429D-91C3-4F117B73B460}.AppStore|x64.ActiveCfg = AppStore|iPhone
		{C5D13792-6333-429D-91C3-4F117B73B460}.AppStore|x64.Build.0 = AppStore|iPhone
		{C5D13792-6333-429D-91C3-4F117B73B460}.AppStore|x64.Deploy.0 = AppStore|iPhone
		{C5D13792-6333-429D-91C3-4F117B73B460}.AppStore|x86.ActiveCfg = AppStore|iPhone
		{C5D13792-6333-429D-91C3-4F117B73B460}.AppStore|x86.Build.0 = AppStore|iPhone
		{C5D13792-6333-429D-91C3-4F117B73B460}.AppStore|x86.Deploy.0 = AppStore|iPhone
		{C5D13792-6333-429D-91C3-4F117B73B460}.Debug|Any CPU.ActiveCfg = Debug|iPhoneSimulator
		{C5D13792-6333-429D-91C3-4F117B73B460}.Debug|Any CPU.Build.0 = Debug|iPhoneSimulator
		{C5D13792-6333-429D-91C3-4F117B73B460}.Debug|Any CPU.Deploy.0 = Debug|iPhoneSimulator
		{C5D13792-6333-429D-91C3-4F117B73B460}.Debug|ARM.ActiveCfg = Debug|iPhone
		{C5D13792-6333-429D-91C3-4F117B73B460}.Debug|ARM.Build.0 = Debug|iPhone
		{C5D13792-6333-429D-91C3-4F117B73B460}.Debug|ARM.Deploy.0 = Debug|iPhone
		{C5D13792-6333-429D-91C3-4F117B73B460}.Debug|iPhone.ActiveCfg = Debug|iPhone
		{C5D13792-6333-429D-91C3-4F117B73B460}.Debug|iPhone.Build.0 = Debug|iPhone
		{C5D13792-6333-429D-91C3-4F117B73B460}.Debug|iPhone.Deploy.0 = Debug|iPhone
		{C5D13792-6333-429D-91C3-4F117B73B460}.Debug|iPhoneSimulator.ActiveCfg = Debug|iPhoneSimulator
		{C5D13792-6333-429D-91C3-4F117B73B460}.Debug|iPhoneSimulator.Build.0 = Debug|iPhoneSimulator
		{C5D13792-6333-429D-91C3-4F117B73B460}.Debug|iPhoneSimulator.Deploy.0 = Debug|iPhoneSimulator
		{C5D13792-6333-429D-91C3-4F117B73B460}.Debug|x64.ActiveCfg = Debug|iPhone
		{C5D13792-6333-429D-91C3-4F117B73B460}.Debug|x64.Build.0 = Debug|iPhone
		{C5D13792-6333-429D-91C3-4F117B73B460}.Debug|x64.Deploy.0 = Debug|iPhone
		{C5D13792-6333-429D-91C3-4F117B73B460}.Debug|x86.ActiveCfg = Debug|iPhone
		{C5D13792-6333-429D-91C3-4F117B73B460}.Debug|x86.Build.0 = Debug|iPhone
		{C5D13792-6333-429D-91C3-4F117B73B460}.Debug|x86.Deploy.0 = Debug|iPhone
		{C5D13792-6333-429D-91C3-4F117B73B460}.Release|Any CPU.ActiveCfg = Release|iPhone
		{C5D13792-6333-429D-91C3-4F117B73B460}.Release|Any CPU.Build.0 = Release|iPhone
		{C5D13792-6333-429D-91C3-4F117B73B460}.Release|Any CPU.Deploy.0 = Release|iPhone
		{C5D13792-6333-429D-91C3-4F117B73B460}.Release|ARM.ActiveCfg = Release|iPhone
		{C5D13792-6333-429D-91C3-4F117B73B460}.Release|ARM.Build.0 = Release|iPhone
		{C5D13792-6333-429D-91C3-4F117B73B460}.Release|ARM.Deploy.0 = Release|iPhone
		{C5D13792-6333-429D-91C3-4F117B73B460}.Release|iPhone.ActiveCfg = Release|iPhone
		{C5D13792-6333-429D-91C3-4F117B73B460}.Release|iPhone.Build.0 = Release|iPhone
		{C5D13792-6333-429D-91C3-4F117B73B460}.Release|iPhone.Deploy.0 = Release|iPhone
		{C5D13792-6333-429D-91C3-4F117B73B460}.Release|iPhoneSimulator.ActiveCfg = Release|iPhoneSimulator
		{C5D13792-6333-429D-91C3-4F117B73B460}.Release|iPhoneSimulator.Build.0 = Release|iPhoneSimulator
		{C5D13792-6333-429D-91C3-4F117B73B460}.Release|iPhoneSimulator.Deploy.0 = Release|iPhoneSimulator
		{C5D13792-6333-429D-91C3-4F117B73B460}.Release|x64.ActiveCfg = Release|iPhone
		{C5D13792-6333-429D-91C3-4F117B73B460}.Release|x64.Build.0 = Release|iPhone
		{C5D13792-6333-429D-91C3-4F117B73B460}.Release|x64.Deploy.0 = Release|iPhone
		{C5D13792-6333-429D-91C3-4F117B73B460}.Release|x86.ActiveCfg = Release|iPhone
		{C5D13792-6333-429D-91C3-4F117B73B460}.Release|x86.Build.0 = Release|iPhone
		{C5D13792-6333-429D-91C3-4F117B73B460}.Release|x86.Deploy.0 = Release|iPhone
		{AFCFD77B-1CBB-4F16-B937-388134111A35}.Ad-Hoc|Any CPU.ActiveCfg = Release|x86
		{AFCFD77B-1CBB-4F16-B937-388134111A35}.Ad-Hoc|Any CPU.Build.0 = Release|x86
		{AFCFD77B-1CBB-4F16-B937-388134111A35}.Ad-Hoc|Any CPU.Deploy.0 = Release|x86
		{AFCFD77B-1CBB-4F16-B937-388134111A35}.Ad-Hoc|ARM.ActiveCfg = Release|ARM
		{AFCFD77B-1CBB-4F16-B937-388134111A35}.Ad-Hoc|ARM.Build.0 = Release|ARM
		{AFCFD77B-1CBB-4F16-B937-388134111A35}.Ad-Hoc|ARM.Deploy.0 = Release|ARM
		{AFCFD77B-1CBB-4F16-B937-388134111A35}.Ad-Hoc|iPhone.ActiveCfg = Release|x86
		{AFCFD77B-1CBB-4F16-B937-388134111A35}.Ad-Hoc|iPhone.Build.0 = Release|x86
		{AFCFD77B-1CBB-4F16-B937-388134111A35}.Ad-Hoc|iPhone.Deploy.0 = Release|x86
		{AFCFD77B-1CBB-4F16-B937-388134111A35}.Ad-Hoc|iPhoneSimulator.ActiveCfg = Release|x86
		{AFCFD77B-1CBB-4F16-B937-388134111A35}.Ad-Hoc|iPhoneSimulator.Build.0 = Release|x86
		{AFCFD77B-1CBB-4F16-B937-388134111A35}.Ad-Hoc|iPhoneSimulator.Deploy.0 = Release|x86
		{AFCFD77B-1CBB-4F16-B937-388134111A35}.Ad-Hoc|x64.ActiveCfg = Release|x64
		{AFCFD77B-1CBB-4F16-B937-388134111A35}.Ad-Hoc|x64.Build.0 = Release|x64
		{AFCFD77B-1CBB-4F16-B937-388134111A35}.Ad-Hoc|x64.Deploy.0 = Release|x64
		{AFCFD77B-1CBB-4F16-B937-388134111A35}.Ad-Hoc|x86.ActiveCfg = Release|x86
		{AFCFD77B-1CBB-4F16-B937-388134111A35}.Ad-Hoc|x86.Build.0 = Release|x86
		{AFCFD77B-1CBB-4F16-B937-388134111A35}.Ad-Hoc|x86.Deploy.0 = Release|x86
		{AFCFD77B-1CBB-4F16-B937-388134111A35}.AppStore|Any CPU.ActiveCfg = Release|x86
		{AFCFD77B-1CBB-4F16-B937-388134111A35}.AppStore|Any CPU.Build.0 = Release|x86
		{AFCFD77B-1CBB-4F16-B937-388134111A35}.AppStore|Any CPU.Deploy.0 = Release|x86
		{AFCFD77B-1CBB-4F16-B937-388134111A35}.AppStore|ARM.ActiveCfg = Release|ARM
		{AFCFD77B-1CBB-4F16-B937-388134111A35}.AppStore|ARM.Build.0 = Release|ARM
		{AFCFD77B-1CBB-4F16-B937-388134111A35}.AppStore|ARM.Deploy.0 = Release|ARM
		{AFCFD77B-1CBB-4F16-B937-388134111A35}.AppStore|iPhone.ActiveCfg = Release|x86
		{AFCFD77B-1CBB-4F16-B937-388134111A35}.AppStore|iPhone.Build.0 = Release|x86
		{AFCFD77B-1CBB-4F16-B937-388134111A35}.AppStore|iPhone.Deploy.0 = Release|x86
		{AFCFD77B-1CBB-4F16-B937-388134111A35}.AppStore|iPhoneSimulator.ActiveCfg = Release|x86
		{AFCFD77B-1CBB-4F16-B937-388134111A35}.AppStore|iPhoneSimulator.Build.0 = Release|x86
		{AFCFD77B-1CBB-4F16-B937-388134111A35}.AppStore|iPhoneSimulator.Deploy.0 = Release|x86
		{AFCFD77B-1CBB-4F16-B937-388134111A35}.AppStore|x64.ActiveCfg = Release|x64
		{AFCFD77B-1CBB-4F16-B937-388134111A35}.AppStore|x64.Build.0 = Release|x64
		{AFCFD77B-1CBB-4F16-B937-388134111A35}.AppStore|x64.Deploy.0 = Release|x64
		{AFCFD77B-1CBB-4F16-B937-388134111A35}.AppStore|x86.ActiveCfg = Release|x86
		{AFCFD77B-1CBB-4F16-B937-388134111A35}.AppStore|x86.Build.0 = Release|x86
		{AFCFD77B-1CBB-4F16-B937-388134111A35}.AppStore|x86.Deploy.0 = Release|x86
		{AFCFD77B-1CBB-4F16-B937-388134111A35}.Debug|Any CPU.ActiveCfg = Debug|x86
		{AFCFD77B-1CBB-4F16-B937-388134111A35}.Debug|Any CPU.Build.0 = Debug|x86
		{AFCFD77B-1CBB-4F16-B937-388134111A35}.Debug|Any CPU.Deploy.0 = Debug|x86
		{AFCFD77B-1CBB-4F16-B937-388134111A35}.Debug|ARM.ActiveCfg = Debug|ARM
		{AFCFD77B-1CBB-4F16-B937-388134111A35}.Debug|ARM.Build.0 = Debug|ARM
		{AFCFD77B-1CBB-4F16-B937-388134111A35}.Debug|ARM.Deploy.0 = Debug|ARM
		{AFCFD77B-1CBB-4F16-B937-388134111A35}.Debug|iPhone.ActiveCfg = Debug|x86
		{AFCFD77B-1CBB-4F16-B937-388134111A35}.Debug|iPhone.Build.0 = Debug|x86
		{AFCFD77B-1CBB-4F16-B937-388134111A35}.Debug|iPhone.Deploy.0 = Debug|x86
		{AFCFD77B-1CBB-4F16-B937-388134111A35}.Debug|iPhoneSimulator.ActiveCfg = Debug|x86
		{AFCFD77B-1CBB-4F16-B937-388134111A35}.Debug|iPhoneSimulator.Build.0 = Debug|x86
		{AFCFD77B-1CBB-4F16-B937-388134111A35}.Debug|iPhoneSimulator.Deploy.0 = Debug|x86
		{AFCFD77B-1CBB-4F16-B937-388134111A35}.Debug|x64.ActiveCfg = Debug|x64
		{AFCFD77B-1CBB-4F16-B937-388134111A35}.Debug|x64.Build.0 = Debug|x64
		{AFCFD77B-1CBB-4F16-B937-388134111A35}.Debug|x64.Deploy.0 = Debug|x64
		{AFCFD77B-1CBB-4F16-B937-388134111A35}.Debug|x86.ActiveCfg = Debug|x86
		{AFCFD77B-1CBB-4F16-B937-388134111A35}.Debug|x86.Build.0 = Debug|x86
		{AFCFD77B-1CBB-4F16-B937-388134111A35}.Debug|x86.Deploy.0 = Debug|x86
		{AFCFD77B-1CBB-4F16-B937-388134111A35}.Release|Any CPU.ActiveCfg = Release|x86
		{AFCFD77B-1CBB-4F16-B937-388134111A35}.Release|Any CPU.Build.0 = Release|x86
		{AFCFD77B-1CBB-4F16-B937-388134111A35}.Release|Any CPU.Deploy.0 = Release|x86
		{AFCFD77B-1CBB-4F16-B937-388134111A35}.Release|ARM.ActiveCfg = Release|ARM
		{AFCFD77B-1CBB-4F16-B937-388134111A35}.Release|ARM.Build.0 = Release|ARM
		{AFCFD77B-1CBB-4F16-B937-388134111A35}.Release|ARM.Deploy.0 = Release|ARM
		{AFCFD77B-1CBB-4F16-B937-388134111A35}.Release|iPhone.ActiveCfg = Release|x86
		{AFCFD77B-1CBB-4F16-B937-388134111A35}.Release|iPhone.Build.0 = Release|x86
		{AFCFD77B-1CBB-4F16-B937-388134111A35}.Release|iPhone.Deploy.0 = Release|x86
		{AFCFD77B-1CBB-4F16-B937-388134111A35}.Release|iPhoneSimulator.ActiveCfg = Release|x86
		{AFCFD77B-1CBB-4F16-B937-388134111A35}.Release|iPhoneSimulator.Build.0 = Release|x86
		{AFCFD77B-1CBB-4F16-B937-388134111A35}.Release|iPhoneSimulator.Deploy.0 = Release|x86
		{AFCFD77B-1CBB-4F16-B937-388134111A35}.Release|x64.ActiveCfg = Release|x64
		{AFCFD77B-1CBB-4F16-B937-388134111A35}.Release|x64.Build.0 = Release|x64
		{AFCFD77B-1CBB-4F16-B937-388134111A35}.Release|x64.Deploy.0 = Release|x64
		{AFCFD77B-1CBB-4F16-B937-388134111A35}.Release|x86.ActiveCfg = Release|x86
		{AFCFD77B-1CBB-4F16-B937-388134111A35}.Release|x86.Build.0 = Release|x86
		{AFCFD77B-1CBB-4F16-B937-388134111A35}.Release|x86.Deploy.0 = Release|x86
		{240805B6-5D01-45C5-BA66-D34CE82C9F2D}.Ad-Hoc|Any CPU.ActiveCfg = Debug|Any CPU
		{240805B6-5D01-45C5-BA66-D34CE82C9F2D}.Ad-Hoc|Any CPU.Build.0 = Debug|Any CPU
		{240805B6-5D01-45C5-BA66-D34CE82C9F2D}.Ad-Hoc|Any CPU.Deploy.0 = Debug|Any CPU
		{240805B6-5D01-45C5-BA66-D34CE82C9F2D}.Ad-Hoc|ARM.ActiveCfg = Debug|Any CPU
		{240805B6-5D01-45C5-BA66-D34CE82C9F2D}.Ad-Hoc|ARM.Build.0 = Debug|Any CPU
		{240805B6-5D01-45C5-BA66-D34CE82C9F2D}.Ad-Hoc|ARM.Deploy.0 = Debug|Any CPU
		{240805B6-5D01-45C5-BA66-D34CE82C9F2D}.Ad-Hoc|iPhone.ActiveCfg = Debug|Any CPU
		{240805B6-5D01-45C5-BA66-D34CE82C9F2D}.Ad-Hoc|iPhone.Build.0 = Debug|Any CPU
		{240805B6-5D01-45C5-BA66-D34CE82C9F2D}.Ad-Hoc|iPhone.Deploy.0 = Debug|Any CPU
		{240805B6-5D01-45C5-BA66-D34CE82C9F2D}.Ad-Hoc|iPhoneSimulator.ActiveCfg = Debug|Any CPU
		{240805B6-5D01-45C5-BA66-D34CE82C9F2D}.Ad-Hoc|iPhoneSimulator.Build.0 = Debug|Any CPU
		{240805B6-5D01-45C5-BA66-D34CE82C9F2D}.Ad-Hoc|iPhoneSimulator.Deploy.0 = Debug|Any CPU
		{240805B6-5D01-45C5-BA66-D34CE82C9F2D}.Ad-Hoc|x64.ActiveCfg = Debug|Any CPU
		{240805B6-5D01-45C5-BA66-D34CE82C9F2D}.Ad-Hoc|x64.Build.0 = Debug|Any CPU
		{240805B6-5D01-45C5-BA66-D34CE82C9F2D}.Ad-Hoc|x64.Deploy.0 = Debug|Any CPU
		{240805B6-5D01-45C5-BA66-D34CE82C9F2D}.Ad-Hoc|x86.ActiveCfg = Debug|Any CPU
		{240805B6-5D01-45C5-BA66-D34CE82C9F2D}.Ad-Hoc|x86.Build.0 = Debug|Any CPU
		{240805B6-5D01-45C5-BA66-D34CE82C9F2D}.Ad-Hoc|x86.Deploy.0 = Debug|Any CPU
		{240805B6-5D01-45C5-BA66-D34CE82C9F2D}.AppStore|Any CPU.ActiveCfg = Debug|Any CPU
		{240805B6-5D01-45C5-BA66-D34CE82C9F2D}.AppStore|Any CPU.Build.0 = Debug|Any CPU
		{240805B6-5D01-45C5-BA66-D34CE82C9F2D}.AppStore|Any CPU.Deploy.0 = Debug|Any CPU
		{240805B6-5D01-45C5-BA66-D34CE82C9F2D}.AppStore|ARM.ActiveCfg = Debug|Any CPU
		{240805B6-5D01-45C5-BA66-D34CE82C9F2D}.AppStore|ARM.Build.0 = Debug|Any CPU
		{240805B6-5D01-45C5-BA66-D34CE82C9F2D}.AppStore|ARM.Deploy.0 = Debug|Any CPU
		{240805B6-5D01-45C5-BA66-D34CE82C9F2D}.AppStore|iPhone.ActiveCfg = Debug|Any CPU
		{240805B6-5D01-45C5-BA66-D34CE82C9F2D}.AppStore|iPhone.Build.0 = Debug|Any CPU
		{240805B6-5D01-45C5-BA66-D34CE82C9F2D}.AppStore|iPhone.Deploy.0 = Debug|Any CPU
		{240805B6-5D01-45C5-BA66-D34CE82C9F2D}.AppStore|iPhoneSimulator.ActiveCfg = Debug|Any CPU
		{240805B6-5D01-45C5-BA66-D34CE82C9F2D}.AppStore|iPhoneSimulator.Build.0 = Debug|Any CPU
		{240805B6-5D01-45C5-BA66-D34CE82C9F2D}.AppStore|iPhoneSimulator.Deploy.0 = Debug|Any CPU
		{240805B6-5D01-45C5-BA66-D34CE82C9F2D}.AppStore|x64.ActiveCfg = Debug|Any CPU
		{240805B6-5D01-45C5-BA66-D34CE82C9F2D}.AppStore|x64.Build.0 = Debug|Any CPU
		{240805B6-5D01-45C5-BA66-D34CE82C9F2D}.AppStore|x64.Deploy.0 = Debug|Any CPU
		{240805B6-5D01-45C5-BA66-D34CE82C9F2D}.AppStore|x86.ActiveCfg = Debug|Any CPU
		{240805B6-5D01-45C5-BA66-D34CE82C9F2D}.AppStore|x86.Build.0 = Debug|Any CPU
		{240805B6-5D01-45C5-BA66-D34CE82C9F2D}.AppStore|x86.Deploy.0 = Debug|Any CPU
		{240805B6-5D01-45C5-BA66-D34CE82C9F2D}.Debug|Any CPU.ActiveCfg = Debug|Any CPU
		{240805B6-5D01-45C5-BA66-D34CE82C9F2D}.Debug|Any CPU.Build.0 = Debug|Any CPU
		{240805B6-5D01-45C5-BA66-D34CE82C9F2D}.Debug|Any CPU.Deploy.0 = Debug|Any CPU
		{240805B6-5D01-45C5-BA66-D34CE82C9F2D}.Debug|ARM.ActiveCfg = Debug|Any CPU
		{240805B6-5D01-45C5-BA66-D34CE82C9F2D}.Debug|ARM.Build.0 = Debug|Any CPU
		{240805B6-5D01-45C5-BA66-D34CE82C9F2D}.Debug|ARM.Deploy.0 = Debug|Any CPU
		{240805B6-5D01-45C5-BA66-D34CE82C9F2D}.Debug|iPhone.ActiveCfg = Debug|Any CPU
		{240805B6-5D01-45C5-BA66-D34CE82C9F2D}.Debug|iPhone.Build.0 = Debug|Any CPU
		{240805B6-5D01-45C5-BA66-D34CE82C9F2D}.Debug|iPhone.Deploy.0 = Debug|Any CPU
		{240805B6-5D01-45C5-BA66-D34CE82C9F2D}.Debug|iPhoneSimulator.ActiveCfg = Debug|Any CPU
		{240805B6-5D01-45C5-BA66-D34CE82C9F2D}.Debug|iPhoneSimulator.Build.0 = Debug|Any CPU
		{240805B6-5D01-45C5-BA66-D34CE82C9F2D}.Debug|iPhoneSimulator.Deploy.0 = Debug|Any CPU
		{240805B6-5D01-45C5-BA66-D34CE82C9F2D}.Debug|x64.ActiveCfg = Debug|Any CPU
		{240805B6-5D01-45C5-BA66-D34CE82C9F2D}.Debug|x64.Build.0 = Debug|Any CPU
		{240805B6-5D01-45C5-BA66-D34CE82C9F2D}.Debug|x64.Deploy.0 = Debug|Any CPU
		{240805B6-5D01-45C5-BA66-D34CE82C9F2D}.Debug|x86.ActiveCfg = Debug|Any CPU
		{240805B6-5D01-45C5-BA66-D34CE82C9F2D}.Debug|x86.Build.0 = Debug|Any CPU
		{240805B6-5D01-45C5-BA66-D34CE82C9F2D}.Debug|x86.Deploy.0 = Debug|Any CPU
		{240805B6-5D01-45C5-BA66-D34CE82C9F2D}.Release|Any CPU.ActiveCfg = Release|Any CPU
		{240805B6-5D01-45C5-BA66-D34CE82C9F2D}.Release|Any CPU.Build.0 = Release|Any CPU
		{240805B6-5D01-45C5-BA66-D34CE82C9F2D}.Release|Any CPU.Deploy.0 = Release|Any CPU
		{240805B6-5D01-45C5-BA66-D34CE82C9F2D}.Release|ARM.ActiveCfg = Release|Any CPU
		{240805B6-5D01-45C5-BA66-D34CE82C9F2D}.Release|ARM.Build.0 = Release|Any CPU
		{240805B6-5D01-45C5-BA66-D34CE82C9F2D}.Release|ARM.Deploy.0 = Release|Any CPU
		{240805B6-5D01-45C5-BA66-D34CE82C9F2D}.Release|iPhone.ActiveCfg = Release|Any CPU
		{240805B6-5D01-45C5-BA66-D34CE82C9F2D}.Release|iPhone.Build.0 = Release|Any CPU
		{240805B6-5D01-45C5-BA66-D34CE82C9F2D}.Release|iPhone.Deploy.0 = Release|Any CPU
		{240805B6-5D01-45C5-BA66-D34CE82C9F2D}.Release|iPhoneSimulator.ActiveCfg = Release|Any CPU
		{240805B6-5D01-45C5-BA66-D34CE82C9F2D}.Release|iPhoneSimulator.Build.0 = Release|Any CPU
		{240805B6-5D01-45C5-BA66-D34CE82C9F2D}.Release|iPhoneSimulator.Deploy.0 = Release|Any CPU
		{240805B6-5D01-45C5-BA66-D34CE82C9F2D}.Release|x64.ActiveCfg = Release|Any CPU
		{240805B6-5D01-45C5-BA66-D34CE82C9F2D}.Release|x64.Build.0 = Release|Any CPU
		{240805B6-5D01-45C5-BA66-D34CE82C9F2D}.Release|x64.Deploy.0 = Release|Any CPU
		{240805B6-5D01-45C5-BA66-D34CE82C9F2D}.Release|x86.ActiveCfg = Release|Any CPU
		{240805B6-5D01-45C5-BA66-D34CE82C9F2D}.Release|x86.Build.0 = Release|Any CPU
		{240805B6-5D01-45C5-BA66-D34CE82C9F2D}.Release|x86.Deploy.0 = Release|Any CPU
	EndGlobalSection
	GlobalSection(SolutionProperties) = preSolution
		HideSolutionNode = FALSE
	EndGlobalSection
	GlobalSection(ExtensibilityGlobals) = postSolution
		SolutionGuid = {92980CA0-AB53-4068-8695-87E4E3ACD2B9}
	EndGlobalSection
EndGlobal
